
Microsoft Visual Studio Solution File, Format Version 12.00
# Visual Studio Version 16
VisualStudioVersion = 16.0.29920.165
MinimumVisualStudioVersion = 10.0.40219.1
Project("{9A19103F-16F7-4668-BE54-9A1E7A4F7556}") = "EmployeeManager.Api", "EmployeeManager.Api\EmployeeManager.Api.csproj", "{9C167BA4-2A58-40A4-A43D-583B134F41BE}"
EndProject
Project("{9A19103F-16F7-4668-BE54-9A1E7A4F7556}") = "EmployeeManager.ApiClient", "EmployeeManager.ApiClient\EmployeeManager.ApiClient.csproj", "{2B340BDB-2DAD-45E4-9D46-9BEBBEE6A6F6}"
EndProject
Project("{FAE04EC0-301F-11D3-BF4B-00C04F79EFBC}") = "EmployeeManager.JQuery", "EmployeeManager.JQuery\EmployeeManager.JQuery.csproj", "{8262381D-22DB-42F9-870B-DEAB37A47A5A}"
EndProject
Global
	GlobalSection(SolutionConfigurationPlatforms) = preSolution
		Debug|Any CPU = Debug|Any CPU
		Release|Any CPU = Release|Any CPU
	EndGlobalSection
	GlobalSection(ProjectConfigurationPlatforms) = postSolution
		{9C167BA4-2A58-40A4-A43D-583B134F41BE}.Debug|Any CPU.ActiveCfg = Debug|Any CPU
		{9C167BA4-2A58-40A4-A43D-583B134F41BE}.Debug|Any CPU.Build.0 = Debug|Any CPU
		{9C167BA4-2A58-40A4-A43D-583B134F41BE}.Release|Any CPU.ActiveCfg = Release|Any CPU
		{9C167BA4-2A58-40A4-A43D-583B134F41BE}.Release|Any CPU.Build.0 = Release|Any CPU
		{2B340BDB-2DAD-45E4-9D46-9BEBBEE6A6F6}.Debug|Any CPU.ActiveCfg = Debug|Any CPU
		{2B340BDB-2DAD-45E4-9D46-9BEBBEE6A6F6}.Debug|Any CPU.Build.0 = Debug|Any CPU
		{2B340BDB-2DAD-45E4-9D46-9BEBBEE6A6F6}.Release|Any CPU.ActiveCfg = Release|Any CPU
		{2B340BDB-2DAD-45E4-9D46-9BEBBEE6A6F6}.Release|Any CPU.Build.0 = Release|Any CPU
		{8262381D-22DB-42F9-870B-DEAB37A47A5A}.Debug|Any CPU.ActiveCfg = Debug|Any CPU
		{8262381D-22DB-42F9-870B-DEAB37A47A5A}.Debug|Any CPU.Build.0 = Debug|Any CPU
		{8262381D-22DB-42F9-870B-DEAB37A47A5A}.Release|Any CPU.ActiveCfg = Release|Any CPU
		{8262381D-22DB-42F9-870B-DEAB37A47A5A}.Release|Any CPU.Build.0 = Release|Any CPU
	EndGlobalSection
	GlobalSection(SolutionProperties) = preSolution
		HideSolutionNode = FALSE
	EndGlobalSection
	GlobalSection(ExtensibilityGlobals) = postSolution
		SolutionGuid = {C3354333-E7E5-4665-9327-9EC3A0315877}
	EndGlobalSection
EndGlobal
